Microsoft Visual Studio Solution File, Format Version 12.00
# Visual Studio 15
Project("{2150E333-8FDC-42A3-9474-1A3956D46DE8}") = "3rdparty", "3rdparty", "{A32C9053-F8B6-349C-89BD-F25530C43C67}"
EndProject
Project("{2150E333-8FDC-42A3-9474-1A3956D46DE8}") = "CMakeTargets", "CMakeTargets", "{1706B401-4A9F-3916-976A-F3846E88BF08}"
EndProject
Project("{2150E333-8FDC-42A3-9474-1A3956D46DE8}") = "bindings", "bindings", "{83876013-9D46-3F76-97A1-8A384C42450E}"
EndProject
Project("{2150E333-8FDC-42A3-9474-1A3956D46DE8}") = "modules", "modules", "{83F0A4F7-FE14-35C4-AB62-EB451290AE2A}"
EndProject
Project("{2150E333-8FDC-42A3-9474-1A3956D46DE8}") = "tests accuracy", "tests accuracy", "{9042D9A5-4E61-39C1-AA70-3A97F2D44A31}"
EndProject
Project("{8BC9CEB8-8B4A-11D0-8D11-00A0C91BC942}") = "ALL_BUILD", "ALL_BUILD.vcxproj", "{0477DF17-F7EC-3497-8344-683AFA46DD18}"
	ProjectSection(ProjectDependencies) = postProject
		{AC6C6E05-5015-303A-9CFD-F61950C6B200} = {AC6C6E05-5015-303A-9CFD-F61950C6B200}
		{43599BCA-152D-3CF3-A00D-55D01BA1CF39} = {43599BCA-152D-3CF3-A00D-55D01BA1CF39}
		{1788895F-E25E-32E9-8943-39FA969153C7} = {1788895F-E25E-32E9-8943-39FA969153C7}
	EndProjectSection
EndProject
Project("{8BC9CEB8-8B4A-11D0-8D11-00A0C91BC942}") = "INSTALL", "INSTALL.vcxproj", "{83022FB5-03BF-3A76-A769-35EFFFB3C726}"
	ProjectSection(ProjectDependencies) = postProject
		{0477DF17-F7EC-3497-8344-683AFA46DD18} = {0477DF17-F7EC-3497-8344-683AFA46DD18}
		{AC6C6E05-5015-303A-9CFD-F61950C6B200} = {AC6C6E05-5015-303A-9CFD-F61950C6B200}
	EndProjectSection
EndProject
Project("{8BC9CEB8-8B4A-11D0-8D11-00A0C91BC942}") = "PACKAGE", "PACKAGE.vcxproj", "{36C1A33C-CFEC-3097-A7A0-CF29C5477F80}"
	ProjectSection(ProjectDependencies) = postProject
		{0477DF17-F7EC-3497-8344-683AFA46DD18} = {0477DF17-F7EC-3497-8344-683AFA46DD18}
		{AC6C6E05-5015-303A-9CFD-F61950C6B200} = {AC6C6E05-5015-303A-9CFD-F61950C6B200}
	EndProjectSection
EndProject
Project("{8BC9CEB8-8B4A-11D0-8D11-00A0C91BC942}") = "RUN_TESTS", "RUN_TESTS.vcxproj", "{5DCE2C2F-2DF4-324C-98D2-56B94C965530}"
	ProjectSection(ProjectDependencies) = postProject
		{AC6C6E05-5015-303A-9CFD-F61950C6B200} = {AC6C6E05-5015-303A-9CFD-F61950C6B200}
	EndProjectSection
EndProject
Project("{8BC9CEB8-8B4A-11D0-8D11-00A0C91BC942}") = "ZERO_CHECK", "..\..\\ZERO_CHECK.vcxproj", "{AC6C6E05-5015-303A-9CFD-F61950C6B200}"
	ProjectSection(ProjectDependencies) = postProject
	EndProjectSection
EndProject
Project("{8BC9CEB8-8B4A-11D0-8D11-00A0C91BC942}") = "gen_opencv_java_source", "..\java_bindings_generator\gen_opencv_java_source.vcxproj", "{B8008395-9617-3601-B470-00B982042F6D}"
	ProjectSection(ProjectDependencies) = postProject
		{AC6C6E05-5015-303A-9CFD-F61950C6B200} = {AC6C6E05-5015-303A-9CFD-F61950C6B200}
	EndProjectSection
EndProject
Project("{8BC9CEB8-8B4A-11D0-8D11-00A0C91BC942}") = "ippiw", "..\..\3rdparty\ippiw\ippiw.vcxproj", "{CE0410D1-AC63-3F2D-A2CF-7B60FFBDCBCC}"
	ProjectSection(ProjectDependencies) = postProject
		{AC6C6E05-5015-303A-9CFD-F61950C6B200} = {AC6C6E05-5015-303A-9CFD-F61950C6B200}
	EndProjectSection
EndProject
Project("{8BC9CEB8-8B4A-11D0-8D11-00A0C91BC942}") = "ittnotify", "..\..\3rdparty\ittnotify\ittnotify.vcxproj", "{98AC9E89-EEFF-3A81-ADB1-CD76FFC8C6AF}"
	ProjectSection(ProjectDependencies) = postProject
		{AC6C6E05-5015-303A-9CFD-F61950C6B200} = {AC6C6E05-5015-303A-9CFD-F61950C6B200}
	EndProjectSection
EndProject
Project("{8BC9CEB8-8B4A-11D0-8D11-00A0C91BC942}") = "libjasper", "..\..\3rdparty\libjasper\libjasper.vcxproj", "{0F630D90-990A-301D-AFE2-ADFE74625284}"
	ProjectSection(ProjectDependencies) = postProject
		{AC6C6E05-5015-303A-9CFD-F61950C6B200} = {AC6C6E05-5015-303A-9CFD-F61950C6B200}
	EndProjectSection
EndProject
Project("{8BC9CEB8-8B4A-11D0-8D11-00A0C91BC942}") = "libtiff", "..\..\3rdparty\libtiff\libtiff.vcxproj", "{772E82BA-B427-35F4-A317-35D3764249A8}"
	ProjectSection(ProjectDependencies) = postProject
		{AC6C6E05-5015-303A-9CFD-F61950C6B200} = {AC6C6E05-5015-303A-9CFD-F61950C6B200}
	EndProjectSection
EndProject
Project("{8BC9CEB8-8B4A-11D0-8D11-00A0C91BC942}") = "opencv_calib3d", "..\calib3d\opencv_calib3d.vcxproj", "{3DA51642-93B8-3AE8-9428-EECE05B2D55C}"
	ProjectSection(ProjectDependencies) = postProject
		{AC6C6E05-5015-303A-9CFD-F61950C6B200} = {AC6C6E05-5015-303A-9CFD-F61950C6B200}
		{CE0410D1-AC63-3F2D-A2CF-7B60FFBDCBCC} = {CE0410D1-AC63-3F2D-A2CF-7B60FFBDCBCC}
		{04401E23-D799-3690-A94F-5EB44377DD21} = {04401E23-D799-3690-A94F-5EB44377DD21}
		{214FC758-C8D5-3717-9FA2-210655F3C358} = {214FC758-C8D5-3717-9FA2-210655F3C358}
		{D332DFF2-66E7-31AF-A543-69961565E6B6} = {D332DFF2-66E7-31AF-A543-69961565E6B6}
		{7B22EAF4-D4B6-3D41-AC33-33FB36ED5CB9} = {7B22EAF4-D4B6-3D41-AC33-33FB36ED5CB9}
		{59350BC6-DDE5-3379-BDEE-6FA5523E0E33} = {59350BC6-DDE5-3379-BDEE-6FA5523E0E33}
	EndProjectSection
EndProject
Project("{8BC9CEB8-8B4A-11D0-8D11-00A0C91BC942}") = "opencv_core", "..\core\opencv_core.vcxproj", "{04401E23-D799-3690-A94F-5EB44377DD21}"
	ProjectSection(ProjectDependencies) = postProject
		{AC6C6E05-5015-303A-9CFD-F61950C6B200} = {AC6C6E05-5015-303A-9CFD-F61950C6B200}
		{CE0410D1-AC63-3F2D-A2CF-7B60FFBDCBCC} = {CE0410D1-AC63-3F2D-A2CF-7B60FFBDCBCC}
		{98AC9E89-EEFF-3A81-ADB1-CD76FFC8C6AF} = {98AC9E89-EEFF-3A81-ADB1-CD76FFC8C6AF}
		{214FC758-C8D5-3717-9FA2-210655F3C358} = {214FC758-C8D5-3717-9FA2-210655F3C358}
	EndProjectSection
EndProject
Project("{8BC9CEB8-8B4A-11D0-8D11-00A0C91BC942}") = "opencv_cudev", "..\cudev\opencv_cudev.vcxproj", "{214FC758-C8D5-3717-9FA2-210655F3C358}"
	ProjectSection(ProjectDependencies) = postProject
		{AC6C6E05-5015-303A-9CFD-F61950C6B200} = {AC6C6E05-5015-303A-9CFD-F61950C6B200}
		{CE0410D1-AC63-3F2D-A2CF-7B60FFBDCBCC} = {CE0410D1-AC63-3F2D-A2CF-7B60FFBDCBCC}
	EndProjectSection
EndProject
Project("{8BC9CEB8-8B4A-11D0-8D11-00A0C91BC942}") = "opencv_dnn", "..\dnn\opencv_dnn.vcxproj", "{18AD085A-ADDB-3188-BF4A-776D42F1C797}"
	ProjectSection(ProjectDependencies) = postProject
		{AC6C6E05-5015-303A-9CFD-F61950C6B200} = {AC6C6E05-5015-303A-9CFD-F61950C6B200}
		{CE0410D1-AC63-3F2D-A2CF-7B60FFBDCBCC} = {CE0410D1-AC63-3F2D-A2CF-7B60FFBDCBCC}
		{04401E23-D799-3690-A94F-5EB44377DD21} = {04401E23-D799-3690-A94F-5EB44377DD21}
		{214FC758-C8D5-3717-9FA2-210655F3C358} = {214FC758-C8D5-3717-9FA2-210655F3C358}
		{59350BC6-DDE5-3379-BDEE-6FA5523E0E33} = {59350BC6-DDE5-3379-BDEE-6FA5523E0E33}
	EndProjectSection
EndProject
Project("{8BC9CEB8-8B4A-11D0-8D11-00A0C91BC942}") = "opencv_features2d", "..\features2d\opencv_features2d.vcxproj", "{D332DFF2-66E7-31AF-A543-69961565E6B6}"
	ProjectSection(ProjectDependencies) = postProject
		{AC6C6E05-5015-303A-9CFD-F61950C6B200} = {AC6C6E05-5015-303A-9CFD-F61950C6B200}
		{CE0410D1-AC63-3F2D-A2CF-7B60FFBDCBCC} = {CE0410D1-AC63-3F2D-A2CF-7B60FFBDCBCC}
		{04401E23-D799-3690-A94F-5EB44377DD21} = {04401E23-D799-3690-A94F-5EB44377DD21}
		{214FC758-C8D5-3717-9FA2-210655F3C358} = {214FC758-C8D5-3717-9FA2-210655F3C358}
		{7B22EAF4-D4B6-3D41-AC33-33FB36ED5CB9} = {7B22EAF4-D4B6-3D41-AC33-33FB36ED5CB9}
		{59350BC6-DDE5-3379-BDEE-6FA5523E0E33} = {59350BC6-DDE5-3379-BDEE-6FA5523E0E33}
	EndProjectSection
EndProject
Project("{8BC9CEB8-8B4A-11D0-8D11-00A0C91BC942}") = "opencv_flann", "..\flann\opencv_flann.vcxproj", "{7B22EAF4-D4B6-3D41-AC33-33FB36ED5CB9}"
	ProjectSection(ProjectDependencies) = postProject
		{AC6C6E05-5015-303A-9CFD-F61950C6B200} = {AC6C6E05-5015-303A-9CFD-F61950C6B200}
		{CE0410D1-AC63-3F2D-A2CF-7B60FFBDCBCC} = {CE0410D1-AC63-3F2D-A2CF-7B60FFBDCBCC}
		{04401E23-D799-3690-A94F-5EB44377DD21} = {04401E23-D799-3690-A94F-5EB44377DD21}
		{214FC758-C8D5-3717-9FA2-210655F3C358} = {214FC758-C8D5-3717-9FA2-210655F3C358}
	EndProjectSection
EndProject
Project("{8BC9CEB8-8B4A-11D0-8D11-00A0C91BC942}") = "opencv_highgui", "..\highgui\opencv_highgui.vcxproj", "{8A9D674C-9E55-3077-9BB6-3B6749FE9D3A}"
	ProjectSection(ProjectDependencies) = postProject
		{AC6C6E05-5015-303A-9CFD-F61950C6B200} = {AC6C6E05-5015-303A-9CFD-F61950C6B200}
		{CE0410D1-AC63-3F2D-A2CF-7B60FFBDCBCC} = {CE0410D1-AC63-3F2D-A2CF-7B60FFBDCBCC}
		{04401E23-D799-3690-A94F-5EB44377DD21} = {04401E23-D799-3690-A94F-5EB44377DD21}
		{214FC758-C8D5-3717-9FA2-210655F3C358} = {214FC758-C8D5-3717-9FA2-210655F3C358}
		{2109A376-43C5-369E-B2BC-379FC4A75AD0} = {2109A376-43C5-369E-B2BC-379FC4A75AD0}
		{59350BC6-DDE5-3379-BDEE-6FA5523E0E33} = {59350BC6-DDE5-3379-BDEE-6FA5523E0E33}
		{A413E9EB-068D-329A-B378-F21EBD643FAC} = {A413E9EB-068D-329A-B378-F21EBD643FAC}
	EndProjectSection
EndProject
Project("{8BC9CEB8-8B4A-11D0-8D11-00A0C91BC942}") = "opencv_imgcodecs", "..\imgcodecs\opencv_imgcodecs.vcxproj", "{2109A376-43C5-369E-B2BC-379FC4A75AD0}"
	ProjectSection(ProjectDependencies) = postProject
		{AC6C6E05-5015-303A-9CFD-F61950C6B200} = {AC6C6E05-5015-303A-9CFD-F61950C6B200}
		{CE0410D1-AC63-3F2D-A2CF-7B60FFBDCBCC} = {CE0410D1-AC63-3F2D-A2CF-7B60FFBDCBCC}
		{0F630D90-990A-301D-AFE2-ADFE74625284} = {0F630D90-990A-301D-AFE2-ADFE74625284}
		{772E82BA-B427-35F4-A317-35D3764249A8} = {772E82BA-B427-35F4-A317-35D3764249A8}
		{04401E23-D799-3690-A94F-5EB44377DD21} = {04401E23-D799-3690-A94F-5EB44377DD21}
		{214FC758-C8D5-3717-9FA2-210655F3C358} = {214FC758-C8D5-3717-9FA2-210655F3C358}
		{59350BC6-DDE5-3379-BDEE-6FA5523E0E33} = {59350BC6-DDE5-3379-BDEE-6FA5523E0E33}
	EndProjectSection
EndProject
Project("{8BC9CEB8-8B4A-11D0-8D11-00A0C91BC942}") = "opencv_imgproc", "..\imgproc\opencv_imgproc.vcxproj", "{59350BC6-DDE5-3379-BDEE-6FA5523E0E33}"
	ProjectSection(ProjectDependencies) = postProject
		{AC6C6E05-5015-303A-9CFD-F61950C6B200} = {AC6C6E05-5015-303A-9CFD-F61950C6B200}
		{CE0410D1-AC63-3F2D-A2CF-7B60FFBDCBCC} = {CE0410D1-AC63-3F2D-A2CF-7B60FFBDCBCC}
		{04401E23-D799-3690-A94F-5EB44377DD21} = {04401E23-D799-3690-A94F-5EB44377DD21}
		{214FC758-C8D5-3717-9FA2-210655F3C358} = {214FC758-C8D5-3717-9FA2-210655F3C358}
	EndProjectSection
EndProject
Project("{8BC9CEB8-8B4A-11D0-8D11-00A0C91BC942}") = "opencv_java", "jni\opencv_java.vcxproj", "{43599BCA-152D-3CF3-A00D-55D01BA1CF39}"
	ProjectSection(ProjectDependencies) = postProject
		{AC6C6E05-5015-303A-9CFD-F61950C6B200} = {AC6C6E05-5015-303A-9CFD-F61950C6B200}
		{B8008395-9617-3601-B470-00B982042F6D} = {B8008395-9617-3601-B470-00B982042F6D}
		{CE0410D1-AC63-3F2D-A2CF-7B60FFBDCBCC} = {CE0410D1-AC63-3F2D-A2CF-7B60FFBDCBCC}
		{3DA51642-93B8-3AE8-9428-EECE05B2D55C} = {3DA51642-93B8-3AE8-9428-EECE05B2D55C}
		{04401E23-D799-3690-A94F-5EB44377DD21} = {04401E23-D799-3690-A94F-5EB44377DD21}
		{214FC758-C8D5-3717-9FA2-210655F3C358} = {214FC758-C8D5-3717-9FA2-210655F3C358}
		{18AD085A-ADDB-3188-BF4A-776D42F1C797} = {18AD085A-ADDB-3188-BF4A-776D42F1C797}
		{D332DFF2-66E7-31AF-A543-69961565E6B6} = {D332DFF2-66E7-31AF-A543-69961565E6B6}
		{7B22EAF4-D4B6-3D41-AC33-33FB36ED5CB9} = {7B22EAF4-D4B6-3D41-AC33-33FB36ED5CB9}
		{8A9D674C-9E55-3077-9BB6-3B6749FE9D3A} = {8A9D674C-9E55-3077-9BB6-3B6749FE9D3A}
		{2109A376-43C5-369E-B2BC-379FC4A75AD0} = {2109A376-43C5-369E-B2BC-379FC4A75AD0}
		{59350BC6-DDE5-3379-BDEE-6FA5523E0E33} = {59350BC6-DDE5-3379-BDEE-6FA5523E0E33}
		{4DBDA28E-17C3-3AA3-A277-19B68182631A} = {4DBDA28E-17C3-3AA3-A277-19B68182631A}
		{2124EB75-EBDF-35B2-B986-F94B5318E8CD} = {2124EB75-EBDF-35B2-B986-F94B5318E8CD}
		{4631B292-5041-3234-90FD-342FBD6E1CD4} = {4631B292-5041-3234-90FD-342FBD6E1CD4}
		{586F61C2-2342-3709-9527-8515E3099D5D} = {586F61C2-2342-3709-9527-8515E3099D5D}
		{1DCB5BB8-1C8A-33DF-BC04-07CD6743D086} = {1DCB5BB8-1C8A-33DF-BC04-07CD6743D086}
		{A413E9EB-068D-329A-B378-F21EBD643FAC} = {A413E9EB-068D-329A-B378-F21EBD643FAC}
	EndProjectSection
EndProject
Project("{8BC9CEB8-8B4A-11D0-8D11-00A0C91BC942}") = "opencv_java_jar", "jar\opencv_java_jar.vcxproj", "{4DBDA28E-17C3-3AA3-A277-19B68182631A}"
	ProjectSection(ProjectDependencies) = postProject
		{AC6C6E05-5015-303A-9CFD-F61950C6B200} = {AC6C6E05-5015-303A-9CFD-F61950C6B200}
		{B8008395-9617-3601-B470-00B982042F6D} = {B8008395-9617-3601-B470-00B982042F6D}
		{AEA8150A-168C-37E3-B21F-8D2AFF8F25BA} = {AEA8150A-168C-37E3-B21F-8D2AFF8F25BA}
	EndProjectSection
EndProject
Project("{8BC9CEB8-8B4A-11D0-8D11-00A0C91BC942}") = "opencv_java_jar_source_copy", "jar\opencv_java_jar_source_copy.vcxproj", "{AEA8150A-168C-37E3-B21F-8D2AFF8F25BA}"
	ProjectSection(ProjectDependencies) = postProject
		{AC6C6E05-5015-303A-9CFD-F61950C6B200} = {AC6C6E05-5015-303A-9CFD-F61950C6B200}
		{B8008395-9617-3601-B470-00B982042F6D} = {B8008395-9617-3601-B470-00B982042F6D}
	EndProjectSection
EndProject
Project("{8BC9CEB8-8B4A-11D0-8D11-00A0C91BC942}") = "opencv_java_test_source_copy", "test\pure_test\opencv_java_test_source_copy.vcxproj", "{95947A5C-34A3-3D74-B49C-25693E9C0211}"
	ProjectSection(ProjectDependencies) = postProject
		{AC6C6E05-5015-303A-9CFD-F61950C6B200} = {AC6C6E05-5015-303A-9CFD-F61950C6B200}
		{B8008395-9617-3601-B470-00B982042F6D} = {B8008395-9617-3601-B470-00B982042F6D}
	EndProjectSection
EndProject
Project("{8BC9CEB8-8B4A-11D0-8D11-00A0C91BC942}") = "opencv_ml", "..\ml\opencv_ml.vcxproj", "{2124EB75-EBDF-35B2-B986-F94B5318E8CD}"
	ProjectSection(ProjectDependencies) = postProject
		{AC6C6E05-5015-303A-9CFD-F61950C6B200} = {AC6C6E05-5015-303A-9CFD-F61950C6B200}
		{CE0410D1-AC63-3F2D-A2CF-7B60FFBDCBCC} = {CE0410D1-AC63-3F2D-A2CF-7B60FFBDCBCC}
		{04401E23-D799-3690-A94F-5EB44377DD21} = {04401E23-D799-3690-A94F-5EB44377DD21}
		{214FC758-C8D5-3717-9FA2-210655F3C358} = {214FC758-C8D5-3717-9FA2-210655F3C358}
	EndProjectSection
EndProject
Project("{8BC9CEB8-8B4A-11D0-8D11-00A0C91BC942}") = "opencv_objdetect", "..\objdetect\opencv_objdetect.vcxproj", "{4631B292-5041-3234-90FD-342FBD6E1CD4}"
	ProjectSection(ProjectDependencies) = postProject
		{AC6C6E05-5015-303A-9CFD-F61950C6B200} = {AC6C6E05-5015-303A-9CFD-F61950C6B200}
		{CE0410D1-AC63-3F2D-A2CF-7B60FFBDCBCC} = {CE0410D1-AC63-3F2D-A2CF-7B60FFBDCBCC}
		{3DA51642-93B8-3AE8-9428-EECE05B2D55C} = {3DA51642-93B8-3AE8-9428-EECE05B2D55C}
		{04401E23-D799-3690-A94F-5EB44377DD21} = {04401E23-D799-3690-A94F-5EB44377DD21}
		{214FC758-C8D5-3717-9FA2-210655F3C358} = {214FC758-C8D5-3717-9FA2-210655F3C358}
		{D332DFF2-66E7-31AF-A543-69961565E6B6} = {D332DFF2-66E7-31AF-A543-69961565E6B6}
		{7B22EAF4-D4B6-3D41-AC33-33FB36ED5CB9} = {7B22EAF4-D4B6-3D41-AC33-33FB36ED5CB9}
		{59350BC6-DDE5-3379-BDEE-6FA5523E0E33} = {59350BC6-DDE5-3379-BDEE-6FA5523E0E33}
		{9E251DA6-28AC-3E6A-9901-03781093FC32} = {9E251DA6-28AC-3E6A-9901-03781093FC32}
	EndProjectSection
EndProject
Project("{8BC9CEB8-8B4A-11D0-8D11-00A0C91BC942}") = "opencv_photo", "..\photo\opencv_photo.vcxproj", "{586F61C2-2342-3709-9527-8515E3099D5D}"
	ProjectSection(ProjectDependencies) = postProject
		{AC6C6E05-5015-303A-9CFD-F61950C6B200} = {AC6C6E05-5015-303A-9CFD-F61950C6B200}
		{CE0410D1-AC63-3F2D-A2CF-7B60FFBDCBCC} = {CE0410D1-AC63-3F2D-A2CF-7B60FFBDCBCC}
		{04401E23-D799-3690-A94F-5EB44377DD21} = {04401E23-D799-3690-A94F-5EB44377DD21}
		{214FC758-C8D5-3717-9FA2-210655F3C358} = {214FC758-C8D5-3717-9FA2-210655F3C358}
		{59350BC6-DDE5-3379-BDEE-6FA5523E0E33} = {59350BC6-DDE5-3379-BDEE-6FA5523E0E33}
	EndProjectSection
EndProject
Project("{8BC9CEB8-8B4A-11D0-8D11-00A0C91BC942}") = "opencv_test_java", "test\pure_test\opencv_test_java.vcxproj", "{1788895F-E25E-32E9-8943-39FA969153C7}"
	ProjectSection(ProjectDependencies) = postProject
		{AC6C6E05-5015-303A-9CFD-F61950C6B200} = {AC6C6E05-5015-303A-9CFD-F61950C6B200}
		{B8008395-9617-3601-B470-00B982042F6D} = {B8008395-9617-3601-B470-00B982042F6D}
		{43599BCA-152D-3CF3-A00D-55D01BA1CF39} = {43599BCA-152D-3CF3-A00D-55D01BA1CF39}
		{95947A5C-34A3-3D74-B49C-25693E9C0211} = {95947A5C-34A3-3D74-B49C-25693E9C0211}
	EndProjectSection
EndProject
Project("{8BC9CEB8-8B4A-11D0-8D11-00A0C91BC942}") = "opencv_video", "..\video\opencv_video.vcxproj", "{1DCB5BB8-1C8A-33DF-BC04-07CD6743D086}"
	ProjectSection(ProjectDependencies) = postProject
		{AC6C6E05-5015-303A-9CFD-F61950C6B200} = {AC6C6E05-5015-303A-9CFD-F61950C6B200}
		{CE0410D1-AC63-3F2D-A2CF-7B60FFBDCBCC} = {CE0410D1-AC63-3F2D-A2CF-7B60FFBDCBCC}
		{3DA51642-93B8-3AE8-9428-EECE05B2D55C} = {3DA51642-93B8-3AE8-9428-EECE05B2D55C}
		{04401E23-D799-3690-A94F-5EB44377DD21} = {04401E23-D799-3690-A94F-5EB44377DD21}
		{214FC758-C8D5-3717-9FA2-210655F3C358} = {214FC758-C8D5-3717-9FA2-210655F3C358}
		{D332DFF2-66E7-31AF-A543-69961565E6B6} = {D332DFF2-66E7-31AF-A543-69961565E6B6}
		{7B22EAF4-D4B6-3D41-AC33-33FB36ED5CB9} = {7B22EAF4-D4B6-3D41-AC33-33FB36ED5CB9}
		{59350BC6-DDE5-3379-BDEE-6FA5523E0E33} = {59350BC6-DDE5-3379-BDEE-6FA5523E0E33}
	EndProjectSection
EndProject
Project("{8BC9CEB8-8B4A-11D0-8D11-00A0C91BC942}") = "opencv_videoio", "..\videoio\opencv_videoio.vcxproj", "{A413E9EB-068D-329A-B378-F21EBD643FAC}"
	ProjectSection(ProjectDependencies) = postProject
		{AC6C6E05-5015-303A-9CFD-F61950C6B200} = {AC6C6E05-5015-303A-9CFD-F61950C6B200}
		{CE0410D1-AC63-3F2D-A2CF-7B60FFBDCBCC} = {CE0410D1-AC63-3F2D-A2CF-7B60FFBDCBCC}
		{04401E23-D799-3690-A94F-5EB44377DD21} = {04401E23-D799-3690-A94F-5EB44377DD21}
		{214FC758-C8D5-3717-9FA2-210655F3C358} = {214FC758-C8D5-3717-9FA2-210655F3C358}
		{2109A376-43C5-369E-B2BC-379FC4A75AD0} = {2109A376-43C5-369E-B2BC-379FC4A75AD0}
		{59350BC6-DDE5-3379-BDEE-6FA5523E0E33} = {59350BC6-DDE5-3379-BDEE-6FA5523E0E33}
	EndProjectSection
EndProject
Project("{8BC9CEB8-8B4A-11D0-8D11-00A0C91BC942}") = "quirc", "..\..\3rdparty\quirc\quirc.vcxproj", "{9E251DA6-28AC-3E6A-9901-03781093FC32}"
	ProjectSection(ProjectDependencies) = postProject
		{AC6C6E05-5015-303A-9CFD-F61950C6B200} = {AC6C6E05-5015-303A-9CFD-F61950C6B200}
	EndProjectSection
EndProject
Global
	GlobalSection(SolutionConfigurationPlatforms) = preSolution
		Debug|Win32 = Debug|Win32
		Release|Win32 = Release|Win32
	EndGlobalSection
	GlobalSection(ProjectConfigurationPlatforms) = postSolution
		{0477DF17-F7EC-3497-8344-683AFA46DD18}.Debug|Win32.ActiveCfg = Debug|Win32
		{0477DF17-F7EC-3497-8344-683AFA46DD18}.Debug|Win32.Build.0 = Debug|Win32
		{0477DF17-F7EC-3497-8344-683AFA46DD18}.Release|Win32.ActiveCfg = Release|Win32
		{0477DF17-F7EC-3497-8344-683AFA46DD18}.Release|Win32.Build.0 = Release|Win32
		{83022FB5-03BF-3A76-A769-35EFFFB3C726}.Debug|Win32.ActiveCfg = Debug|Win32
		{83022FB5-03BF-3A76-A769-35EFFFB3C726}.Release|Win32.ActiveCfg = Release|Win32
		{36C1A33C-CFEC-3097-A7A0-CF29C5477F80}.Debug|Win32.ActiveCfg = Debug|Win32
		{36C1A33C-CFEC-3097-A7A0-CF29C5477F80}.Release|Win32.ActiveCfg = Release|Win32
		{5DCE2C2F-2DF4-324C-98D2-56B94C965530}.Debug|Win32.ActiveCfg = Debug|Win32
		{5DCE2C2F-2DF4-324C-98D2-56B94C965530}.Release|Win32.ActiveCfg = Release|Win32
		{AC6C6E05-5015-303A-9CFD-F61950C6B200}.Debug|Win32.ActiveCfg = Debug|Win32
		{AC6C6E05-5015-303A-9CFD-F61950C6B200}.Debug|Win32.Build.0 = Debug|Win32
		{AC6C6E05-5015-303A-9CFD-F61950C6B200}.Release|Win32.ActiveCfg = Release|Win32
		{AC6C6E05-5015-303A-9CFD-F61950C6B200}.Release|Win32.Build.0 = Release|Win32
		{B8008395-9617-3601-B470-00B982042F6D}.Debug|Win32.ActiveCfg = Debug|Win32
		{B8008395-9617-3601-B470-00B982042F6D}.Debug|Win32.Build.0 = Debug|Win32
		{B8008395-9617-3601-B470-00B982042F6D}.Release|Win32.ActiveCfg = Release|Win32
		{B8008395-9617-3601-B470-00B982042F6D}.Release|Win32.Build.0 = Release|Win32
		{CE0410D1-AC63-3F2D-A2CF-7B60FFBDCBCC}.Debug|Win32.ActiveCfg = Debug|Win32
		{CE0410D1-AC63-3F2D-A2CF-7B60FFBDCBCC}.Debug|Win32.Build.0 = Debug|Win32
		{CE0410D1-AC63-3F2D-A2CF-7B60FFBDCBCC}.Release|Win32.ActiveCfg = Release|Win32
		{CE0410D1-AC63-3F2D-A2CF-7B60FFBDCBCC}.Release|Win32.Build.0 = Release|Win32
		{98AC9E89-EEFF-3A81-ADB1-CD76FFC8C6AF}.Debug|Win32.ActiveCfg = Debug|Win32
		{98AC9E89-EEFF-3A81-ADB1-CD76FFC8C6AF}.Debug|Win32.Build.0 = Debug|Win32
		{98AC9E89-EEFF-3A81-ADB1-CD76FFC8C6AF}.Release|Win32.ActiveCfg = Release|Win32
		{98AC9E89-EEFF-3A81-ADB1-CD76FFC8C6AF}.Release|Win32.Build.0 = Release|Win32
		{0F630D90-990A-301D-AFE2-ADFE74625284}.Debug|Win32.ActiveCfg = Debug|Win32
		{0F630D90-990A-301D-AFE2-ADFE74625284}.Debug|Win32.Build.0 = Debug|Win32
		{0F630D90-990A-301D-AFE2-ADFE74625284}.Release|Win32.ActiveCfg = Release|Win32
		{0F630D90-990A-301D-AFE2-ADFE74625284}.Release|Win32.Build.0 = Release|Win32
		{772E82BA-B427-35F4-A317-35D3764249A8}.Debug|Win32.ActiveCfg = Debug|Win32
		{772E82BA-B427-35F4-A317-35D3764249A8}.Debug|Win32.Build.0 = Debug|Win32
		{772E82BA-B427-35F4-A317-35D3764249A8}.Release|Win32.ActiveCfg = Release|Win32
		{772E82BA-B427-35F4-A317-35D3764249A8}.Release|Win32.Build.0 = Release|Win32
		{3DA51642-93B8-3AE8-9428-EECE05B2D55C}.Debug|Win32.ActiveCfg = Debug|Win32
		{3DA51642-93B8-3AE8-9428-EECE05B2D55C}.Debug|Win32.Build.0 = Debug|Win32
		{3DA51642-93B8-3AE8-9428-EECE05B2D55C}.Release|Win32.ActiveCfg = Release|Win32
		{3DA51642-93B8-3AE8-9428-EECE05B2D55C}.Release|Win32.Build.0 = Release|Win32
		{04401E23-D799-3690-A94F-5EB44377DD21}.Debug|Win32.ActiveCfg = Debug|Win32
		{04401E23-D799-3690-A94F-5EB44377DD21}.Debug|Win32.Build.0 = Debug|Win32
		{04401E23-D799-3690-A94F-5EB44377DD21}.Release|Win32.ActiveCfg = Release|Win32
		{04401E23-D799-3690-A94F-5EB44377DD21}.Release|Win32.Build.0 = Release|Win32
		{214FC758-C8D5-3717-9FA2-210655F3C358}.Debug|Win32.ActiveCfg = Debug|Win32
		{214FC758-C8D5-3717-9FA2-210655F3C358}.Debug|Win32.Build.0 = Debug|Win32
		{214FC758-C8D5-3717-9FA2-210655F3C358}.Release|Win32.ActiveCfg = Release|Win32
		{214FC758-C8D5-3717-9FA2-210655F3C358}.Release|Win32.Build.0 = Release|Win32
		{18AD085A-ADDB-3188-BF4A-776D42F1C797}.Debug|Win32.ActiveCfg = Debug|Win32
		{18AD085A-ADDB-3188-BF4A-776D42F1C797}.Debug|Win32.Build.0 = Debug|Win32
		{18AD085A-ADDB-3188-BF4A-776D42F1C797}.Release|Win32.ActiveCfg = Release|Win32
		{18AD085A-ADDB-3188-BF4A-776D42F1C797}.Release|Win32.Build.0 = Release|Win32
		{D332DFF2-66E7-31AF-A543-69961565E6B6}.Debug|Win32.ActiveCfg = Debug|Win32
		{D332DFF2-66E7-31AF-A543-69961565E6B6}.Debug|Win32.Build.0 = Debug|Win32
		{D332DFF2-66E7-31AF-A543-69961565E6B6}.Release|Win32.ActiveCfg = Release|Win32
		{D332DFF2-66E7-31AF-A543-69961565E6B6}.Release|Win32.Build.0 = Release|Win32
		{7B22EAF4-D4B6-3D41-AC33-33FB36ED5CB9}.Debug|Win32.ActiveCfg = Debug|Win32
		{7B22EAF4-D4B6-3D41-AC33-33FB36ED5CB9}.Debug|Win32.Build.0 = Debug|Win32
		{7B22EAF4-D4B6-3D41-AC33-33FB36ED5CB9}.Release|Win32.ActiveCfg = Release|Win32
		{7B22EAF4-D4B6-3D41-AC33-33FB36ED5CB9}.Release|Win32.Build.0 = Release|Win32
		{8A9D674C-9E55-3077-9BB6-3B6749FE9D3A}.Debug|Win32.ActiveCfg = Debug|Win32
		{8A9D674C-9E55-3077-9BB6-3B6749FE9D3A}.Debug|Win32.Build.0 = Debug|Win32
		{8A9D674C-9E55-3077-9BB6-3B6749FE9D3A}.Release|Win32.ActiveCfg = Release|Win32
		{8A9D674C-9E55-3077-9BB6-3B6749FE9D3A}.Release|Win32.Build.0 = Release|Win32
		{2109A376-43C5-369E-B2BC-379FC4A75AD0}.Debug|Win32.ActiveCfg = Debug|Win32
		{2109A376-43C5-369E-B2BC-379FC4A75AD0}.Debug|Win32.Build.0 = Debug|Win32
		{2109A376-43C5-369E-B2BC-379FC4A75AD0}.Release|Win32.ActiveCfg = Release|Win32
		{2109A376-43C5-369E-B2BC-379FC4A75AD0}.Release|Win32.Build.0 = Release|Win32
		{59350BC6-DDE5-3379-BDEE-6FA5523E0E33}.Debug|Win32.ActiveCfg = Debug|Win32
		{59350BC6-DDE5-3379-BDEE-6FA5523E0E33}.Debug|Win32.Build.0 = Debug|Win32
		{59350BC6-DDE5-3379-BDEE-6FA5523E0E33}.Release|Win32.ActiveCfg = Release|Win32
		{59350BC6-DDE5-3379-BDEE-6FA5523E0E33}.Release|Win32.Build.0 = Release|Win32
		{43599BCA-152D-3CF3-A00D-55D01BA1CF39}.Debug|Win32.ActiveCfg = Debug|Win32
		{43599BCA-152D-3CF3-A00D-55D01BA1CF39}.Debug|Win32.Build.0 = Debug|Win32
		{43599BCA-152D-3CF3-A00D-55D01BA1CF39}.Release|Win32.ActiveCfg = Release|Win32
		{43599BCA-152D-3CF3-A00D-55D01BA1CF39}.Release|Win32.Build.0 = Release|Win32
		{4DBDA28E-17C3-3AA3-A277-19B68182631A}.Debug|Win32.ActiveCfg = Debug|Win32
		{4DBDA28E-17C3-3AA3-A277-19B68182631A}.Debug|Win32.Build.0 = Debug|Win32
		{4DBDA28E-17C3-3AA3-A277-19B68182631A}.Release|Win32.ActiveCfg = Release|Win32
		{4DBDA28E-17C3-3AA3-A277-19B68182631A}.Release|Win32.Build.0 = Release|Win32
		{AEA8150A-168C-37E3-B21F-8D2AFF8F25BA}.Debug|Win32.ActiveCfg = Debug|Win32
		{AEA8150A-168C-37E3-B21F-8D2AFF8F25BA}.Debug|Win32.Build.0 = Debug|Win32
		{AEA8150A-168C-37E3-B21F-8D2AFF8F25BA}.Release|Win32.ActiveCfg = Release|Win32
		{AEA8150A-168C-37E3-B21F-8D2AFF8F25BA}.Release|Win32.Build.0 = Release|Win32
		{95947A5C-34A3-3D74-B49C-25693E9C0211}.Debug|Win32.ActiveCfg = Debug|Win32
		{95947A5C-34A3-3D74-B49C-25693E9C0211}.Debug|Win32.Build.0 = Debug|Win32
		{95947A5C-34A3-3D74-B49C-25693E9C0211}.Release|Win32.ActiveCfg = Release|Win32
		{95947A5C-34A3-3D74-B49C-25693E9C0211}.Release|Win32.Build.0 = Release|Win32
		{2124EB75-EBDF-35B2-B986-F94B5318E8CD}.Debug|Win32.ActiveCfg = Debug|Win32
		{2124EB75-EBDF-35B2-B986-F94B5318E8CD}.Debug|Win32.Build.0 = Debug|Win32
		{2124EB75-EBDF-35B2-B986-F94B5318E8CD}.Release|Win32.ActiveCfg = Release|Win32
		{2124EB75-EBDF-35B2-B986-F94B5318E8CD}.Release|Win32.Build.0 = Release|Win32
		{4631B292-5041-3234-90FD-342FBD6E1CD4}.Debug|Win32.ActiveCfg = Debug|Win32
		{4631B292-5041-3234-90FD-342FBD6E1CD4}.Debug|Win32.Build.0 = Debug|Win32
		{4631B292-5041-3234-90FD-342FBD6E1CD4}.Release|Win32.ActiveCfg = Release|Win32
		{4631B292-5041-3234-90FD-342FBD6E1CD4}.Release|Win32.Build.0 = Release|Win32
		{586F61C2-2342-3709-9527-8515E3099D5D}.Debug|Win32.ActiveCfg = Debug|Win32
		{586F61C2-2342-3709-9527-8515E3099D5D}.Debug|Win32.Build.0 = Debug|Win32
		{586F61C2-2342-3709-9527-8515E3099D5D}.Release|Win32.ActiveCfg = Release|Win32
		{586F61C2-2342-3709-9527-8515E3099D5D}.Release|Win32.Build.0 = Release|Win32
		{1788895F-E25E-32E9-8943-39FA969153C7}.Debug|Win32.ActiveCfg = Debug|Win32
		{1788895F-E25E-32E9-8943-39FA969153C7}.Debug|Win32.Build.0 = Debug|Win32
		{1788895F-E25E-32E9-8943-39FA969153C7}.Release|Win32.ActiveCfg = Release|Win32
		{1788895F-E25E-32E9-8943-39FA969153C7}.Release|Win32.Build.0 = Release|Win32
		{1DCB5BB8-1C8A-33DF-BC04-07CD6743D086}.Debug|Win32.ActiveCfg = Debug|Win32
		{1DCB5BB8-1C8A-33DF-BC04-07CD6743D086}.Debug|Win32.Build.0 = Debug|Win32
		{1DCB5BB8-1C8A-33DF-BC04-07CD6743D086}.Release|Win32.ActiveCfg = Release|Win32
		{1DCB5BB8-1C8A-33DF-BC04-07CD6743D086}.Release|Win32.Build.0 = Release|Win32
		{A413E9EB-068D-329A-B378-F21EBD643FAC}.Debug|Win32.ActiveCfg = Debug|Win32
		{A413E9EB-068D-329A-B378-F21EBD643FAC}.Debug|Win32.Build.0 = Debug|Win32
		{A413E9EB-068D-329A-B378-F21EBD643FAC}.Release|Win32.ActiveCfg = Release|Win32
		{A413E9EB-068D-329A-B378-F21EBD643FAC}.Release|Win32.Build.0 = Release|Win32
		{9E251DA6-28AC-3E6A-9901-03781093FC32}.Debug|Win32.ActiveCfg = Debug|Win32
		{9E251DA6-28AC-3E6A-9901-03781093FC32}.Debug|Win32.Build.0 = Debug|Win32
		{9E251DA6-28AC-3E6A-9901-03781093FC32}.Release|Win32.ActiveCfg = Release|Win32
		{9E251DA6-28AC-3E6A-9901-03781093FC32}.Release|Win32.Build.0 = Release|Win32
	EndGlobalSection
	GlobalSection(NestedProjects) = preSolution
		{CE0410D1-AC63-3F2D-A2CF-7B60FFBDCBCC} = {A32C9053-F8B6-349C-89BD-F25530C43C67}
		{98AC9E89-EEFF-3A81-ADB1-CD76FFC8C6AF} = {A32C9053-F8B6-349C-89BD-F25530C43C67}
		{0F630D90-990A-301D-AFE2-ADFE74625284} = {A32C9053-F8B6-349C-89BD-F25530C43C67}
		{772E82BA-B427-35F4-A317-35D3764249A8} = {A32C9053-F8B6-349C-89BD-F25530C43C67}
		{9E251DA6-28AC-3E6A-9901-03781093FC32} = {A32C9053-F8B6-349C-89BD-F25530C43C67}
		{0477DF17-F7EC-3497-8344-683AFA46DD18} = {1706B401-4A9F-3916-976A-F3846E88BF08}
		{83022FB5-03BF-3A76-A769-35EFFFB3C726} = {1706B401-4A9F-3916-976A-F3846E88BF08}
		{36C1A33C-CFEC-3097-A7A0-CF29C5477F80} = {1706B401-4A9F-3916-976A-F3846E88BF08}
		{5DCE2C2F-2DF4-324C-98D2-56B94C965530} = {1706B401-4A9F-3916-976A-F3846E88BF08}
		{AC6C6E05-5015-303A-9CFD-F61950C6B200} = {1706B401-4A9F-3916-976A-F3846E88BF08}
		{43599BCA-152D-3CF3-A00D-55D01BA1CF39} = {83876013-9D46-3F76-97A1-8A384C42450E}
		{3DA51642-93B8-3AE8-9428-EECE05B2D55C} = {83F0A4F7-FE14-35C4-AB62-EB451290AE2A}
		{04401E23-D799-3690-A94F-5EB44377DD21} = {83F0A4F7-FE14-35C4-AB62-EB451290AE2A}
		{214FC758-C8D5-3717-9FA2-210655F3C358} = {83F0A4F7-FE14-35C4-AB62-EB451290AE2A}
		{18AD085A-ADDB-3188-BF4A-776D42F1C797} = {83F0A4F7-FE14-35C4-AB62-EB451290AE2A}
		{D332DFF2-66E7-31AF-A543-69961565E6B6} = {83F0A4F7-FE14-35C4-AB62-EB451290AE2A}
		{7B22EAF4-D4B6-3D41-AC33-33FB36ED5CB9} = {83F0A4F7-FE14-35C4-AB62-EB451290AE2A}
		{8A9D674C-9E55-3077-9BB6-3B6749FE9D3A} = {83F0A4F7-FE14-35C4-AB62-EB451290AE2A}
		{2109A376-43C5-369E-B2BC-379FC4A75AD0} = {83F0A4F7-FE14-35C4-AB62-EB451290AE2A}
		{59350BC6-DDE5-3379-BDEE-6FA5523E0E33} = {83F0A4F7-FE14-35C4-AB62-EB451290AE2A}
		{2124EB75-EBDF-35B2-B986-F94B5318E8CD} = {83F0A4F7-FE14-35C4-AB62-EB451290AE2A}
		{4631B292-5041-3234-90FD-342FBD6E1CD4} = {83F0A4F7-FE14-35C4-AB62-EB451290AE2A}
		{586F61C2-2342-3709-9527-8515E3099D5D} = {83F0A4F7-FE14-35C4-AB62-EB451290AE2A}
		{1DCB5BB8-1C8A-33DF-BC04-07CD6743D086} = {83F0A4F7-FE14-35C4-AB62-EB451290AE2A}
		{A413E9EB-068D-329A-B378-F21EBD643FAC} = {83F0A4F7-FE14-35C4-AB62-EB451290AE2A}
		{1788895F-E25E-32E9-8943-39FA969153C7} = {9042D9A5-4E61-39C1-AA70-3A97F2D44A31}
	EndGlobalSection
	GlobalSection(ExtensibilityGlobals) = postSolution
		SolutionGuid = {382794B0-E4B5-304C-8C00-9A461EA8693E}
	EndGlobalSection
	GlobalSection(ExtensibilityAddIns) = postSolution
	EndGlobalSection
EndGlobal
