
Microsoft Visual Studio Solution File, Format Version 12.00
# Visual Studio 15
VisualStudioVersion = 15.0.28307.1062
MinimumVisualStudioVersion = 10.0.40219.1
Project("{8BC9CEB8-8B4A-11D0-8D11-00A0C91BC942}") = "opencv_stitching_gpu", "opencv_stitching_gpu.vcxproj", "{D8F02DEE-DD6C-4A70-8049-23F6E12E0E40}"
EndProject
Global
	GlobalSection(SolutionConfigurationPlatforms) = preSolution
		Debug|x64 = Debug|x64
		Release|x64 = Release|x64
		vs2017_Debug|x64 = vs2017_Debug|x64
		vs2017_Release|x64 = vs2017_Release|x64
	EndGlobalSection
	GlobalSection(ProjectConfigurationPlatforms) = postSolution
		{D8F02DEE-DD6C-4A70-8049-23F6E12E0E40}.Debug|x64.ActiveCfg = Debug|x64
		{D8F02DEE-DD6C-4A70-8049-23F6E12E0E40}.Debug|x64.Build.0 = Debug|x64
		{D8F02DEE-DD6C-4A70-8049-23F6E12E0E40}.Release|x64.ActiveCfg = Release|x64
		{D8F02DEE-DD6C-4A70-8049-23F6E12E0E40}.Release|x64.Build.0 = Release|x64
		{D8F02DEE-DD6C-4A70-8049-23F6E12E0E40}.vs2017_Debug|x64.ActiveCfg = vs2017_Debug|x64
		{D8F02DEE-DD6C-4A70-8049-23F6E12E0E40}.vs2017_Debug|x64.Build.0 = vs2017_Debug|x64
		{D8F02DEE-DD6C-4A70-8049-23F6E12E0E40}.vs2017_Release|x64.ActiveCfg = vs2017_Release|x64
		{D8F02DEE-DD6C-4A70-8049-23F6E12E0E40}.vs2017_Release|x64.Build.0 = vs2017_Release|x64
	EndGlobalSection
	GlobalSection(SolutionProperties) = preSolution
		HideSolutionNode = FALSE
	EndGlobalSection
	GlobalSection(ExtensibilityGlobals) = postSolution
		SolutionGuid = {AF0C70DD-C3F8-4EB7-90EB-4DE436ACD0BB}
	EndGlobalSection
EndGlobal
