<?xml version="1.0" encoding="utf-8"?>
<Project ToolsVersion="15.0" xmlns="http://schemas.microsoft.com/developer/msbuild/2003">
  <ItemGroup>
    <ClCompile Include="..\..\..\modules\calib3d\perf\opencl\perf_stereobm.cpp">
      <Filter>Src\opencl</Filter>
    </ClCompile>
    <ClCompile Include="..\..\..\modules\calib3d\perf\perf_affine2d.cpp">
      <Filter>Src</Filter>
    </ClCompile>
    <ClCompile Include="..\..\..\modules\calib3d\perf\perf_cicrlesGrid.cpp">
      <Filter>Src</Filter>
    </ClCompile>
    <ClCompile Include="..\..\..\modules\calib3d\perf\perf_main.cpp">
      <Filter>Src</Filter>
    </ClCompile>
    <ClCompile Include="..\..\..\modules\calib3d\perf\perf_pnp.cpp">
      <Filter>Src</Filter>
    </ClCompile>
    <ClCompile Include="..\..\..\modules\calib3d\perf\perf_stereosgbm.cpp">
      <Filter>Src</Filter>
    </ClCompile>
    <ClCompile Include=".\opencv_perf_calib3d_pch.cpp">
      <Filter>Src</Filter>
    </ClCompile>
  </ItemGroup>
  <ItemGroup>
    <ClInclude Include="..\..\..\modules\calib3d\perf\perf_precomp.hpp">
      <Filter>Include</Filter>
    </ClInclude>
  </ItemGroup>
  <ItemGroup>
    <Filter Include="Include">
      <UniqueIdentifier>{0393671A-94DD-37B7-BA8D-66542B2A2F86}</UniqueIdentifier>
    </Filter>
    <Filter Include="Src">
      <UniqueIdentifier>{E1CF357E-514D-31A8-B2CC-D48DA68E6D3B}</UniqueIdentifier>
    </Filter>
    <Filter Include="Src\opencl">
      <UniqueIdentifier>{570947D9-E5BB-3868-BE0F-2F1620A437D4}</UniqueIdentifier>
    </Filter>
  </ItemGroup>
</Project>