Microsoft Visual Studio Solution File, Format Version 12.00
# Visual Studio 15
Project("{2150E333-8FDC-42A3-9474-1A3956D46DE8}") = "3rdparty", "3rdparty", "{A32C9053-F8B6-349C-89BD-F25530C43C67}"
EndProject
Project("{2150E333-8FDC-42A3-9474-1A3956D46DE8}") = "CMakeTargets", "CMakeTargets", "{1706B401-4A9F-3916-976A-F3846E88BF08}"
EndProject
Project("{2150E333-8FDC-42A3-9474-1A3956D46DE8}") = "modules", "modules", "{83F0A4F7-FE14-35C4-AB62-EB451290AE2A}"
EndProject
Project("{2150E333-8FDC-42A3-9474-1A3956D46DE8}") = "tests accuracy", "tests accuracy", "{9042D9A5-4E61-39C1-AA70-3A97F2D44A31}"
EndProject
Project("{8BC9CEB8-8B4A-11D0-8D11-00A0C91BC942}") = "ALL_BUILD", "ALL_BUILD.vcxproj", "{0477DF17-F7EC-3497-8344-683AFA46DD18}"
	ProjectSection(ProjectDependencies) = postProject
		{AC6C6E05-5015-303A-9CFD-F61950C6B200} = {AC6C6E05-5015-303A-9CFD-F61950C6B200}
		{8A9D674C-9E55-3077-9BB6-3B6749FE9D3A} = {8A9D674C-9E55-3077-9BB6-3B6749FE9D3A}
		{A05BB83C-B32D-314C-B2A6-4B3321EA585C} = {A05BB83C-B32D-314C-B2A6-4B3321EA585C}
	EndProjectSection
EndProject
Project("{8BC9CEB8-8B4A-11D0-8D11-00A0C91BC942}") = "INSTALL", "INSTALL.vcxproj", "{83022FB5-03BF-3A76-A769-35EFFFB3C726}"
	ProjectSection(ProjectDependencies) = postProject
		{0477DF17-F7EC-3497-8344-683AFA46DD18} = {0477DF17-F7EC-3497-8344-683AFA46DD18}
		{AC6C6E05-5015-303A-9CFD-F61950C6B200} = {AC6C6E05-5015-303A-9CFD-F61950C6B200}
	EndProjectSection
EndProject
Project("{8BC9CEB8-8B4A-11D0-8D11-00A0C91BC942}") = "PACKAGE", "PACKAGE.vcxproj", "{36C1A33C-CFEC-3097-A7A0-CF29C5477F80}"
	ProjectSection(ProjectDependencies) = postProject
		{0477DF17-F7EC-3497-8344-683AFA46DD18} = {0477DF17-F7EC-3497-8344-683AFA46DD18}
		{AC6C6E05-5015-303A-9CFD-F61950C6B200} = {AC6C6E05-5015-303A-9CFD-F61950C6B200}
	EndProjectSection
EndProject
Project("{8BC9CEB8-8B4A-11D0-8D11-00A0C91BC942}") = "RUN_TESTS", "RUN_TESTS.vcxproj", "{5DCE2C2F-2DF4-324C-98D2-56B94C965530}"
	ProjectSection(ProjectDependencies) = postProject
		{AC6C6E05-5015-303A-9CFD-F61950C6B200} = {AC6C6E05-5015-303A-9CFD-F61950C6B200}
	EndProjectSection
EndProject
Project("{8BC9CEB8-8B4A-11D0-8D11-00A0C91BC942}") = "ZERO_CHECK", "..\..\\ZERO_CHECK.vcxproj", "{AC6C6E05-5015-303A-9CFD-F61950C6B200}"
	ProjectSection(ProjectDependencies) = postProject
	EndProjectSection
EndProject
Project("{8BC9CEB8-8B4A-11D0-8D11-00A0C91BC942}") = "ippiw", "..\..\3rdparty\ippiw\ippiw.vcxproj", "{CE0410D1-AC63-3F2D-A2CF-7B60FFBDCBCC}"
	ProjectSection(ProjectDependencies) = postProject
		{AC6C6E05-5015-303A-9CFD-F61950C6B200} = {AC6C6E05-5015-303A-9CFD-F61950C6B200}
	EndProjectSection
EndProject
Project("{8BC9CEB8-8B4A-11D0-8D11-00A0C91BC942}") = "ittnotify", "..\..\3rdparty\ittnotify\ittnotify.vcxproj", "{98AC9E89-EEFF-3A81-ADB1-CD76FFC8C6AF}"
	ProjectSection(ProjectDependencies) = postProject
		{AC6C6E05-5015-303A-9CFD-F61950C6B200} = {AC6C6E05-5015-303A-9CFD-F61950C6B200}
	EndProjectSection
EndProject
Project("{8BC9CEB8-8B4A-11D0-8D11-00A0C91BC942}") = "libjasper", "..\..\3rdparty\libjasper\libjasper.vcxproj", "{0F630D90-990A-301D-AFE2-ADFE74625284}"
	ProjectSection(ProjectDependencies) = postProject
		{AC6C6E05-5015-303A-9CFD-F61950C6B200} = {AC6C6E05-5015-303A-9CFD-F61950C6B200}
	EndProjectSection
EndProject
Project("{8BC9CEB8-8B4A-11D0-8D11-00A0C91BC942}") = "libtiff", "..\..\3rdparty\libtiff\libtiff.vcxproj", "{772E82BA-B427-35F4-A317-35D3764249A8}"
	ProjectSection(ProjectDependencies) = postProject
		{AC6C6E05-5015-303A-9CFD-F61950C6B200} = {AC6C6E05-5015-303A-9CFD-F61950C6B200}
	EndProjectSection
EndProject
Project("{8BC9CEB8-8B4A-11D0-8D11-00A0C91BC942}") = "opencv_core", "..\core\opencv_core.vcxproj", "{04401E23-D799-3690-A94F-5EB44377DD21}"
	ProjectSection(ProjectDependencies) = postProject
		{AC6C6E05-5015-303A-9CFD-F61950C6B200} = {AC6C6E05-5015-303A-9CFD-F61950C6B200}
		{CE0410D1-AC63-3F2D-A2CF-7B60FFBDCBCC} = {CE0410D1-AC63-3F2D-A2CF-7B60FFBDCBCC}
		{98AC9E89-EEFF-3A81-ADB1-CD76FFC8C6AF} = {98AC9E89-EEFF-3A81-ADB1-CD76FFC8C6AF}
		{214FC758-C8D5-3717-9FA2-210655F3C358} = {214FC758-C8D5-3717-9FA2-210655F3C358}
	EndProjectSection
EndProject
Project("{8BC9CEB8-8B4A-11D0-8D11-00A0C91BC942}") = "opencv_cudev", "..\cudev\opencv_cudev.vcxproj", "{214FC758-C8D5-3717-9FA2-210655F3C358}"
	ProjectSection(ProjectDependencies) = postProject
		{AC6C6E05-5015-303A-9CFD-F61950C6B200} = {AC6C6E05-5015-303A-9CFD-F61950C6B200}
		{CE0410D1-AC63-3F2D-A2CF-7B60FFBDCBCC} = {CE0410D1-AC63-3F2D-A2CF-7B60FFBDCBCC}
	EndProjectSection
EndProject
Project("{8BC9CEB8-8B4A-11D0-8D11-00A0C91BC942}") = "opencv_highgui", "opencv_highgui.vcxproj", "{8A9D674C-9E55-3077-9BB6-3B6749FE9D3A}"
	ProjectSection(ProjectDependencies) = postProject
		{AC6C6E05-5015-303A-9CFD-F61950C6B200} = {AC6C6E05-5015-303A-9CFD-F61950C6B200}
		{CE0410D1-AC63-3F2D-A2CF-7B60FFBDCBCC} = {CE0410D1-AC63-3F2D-A2CF-7B60FFBDCBCC}
		{04401E23-D799-3690-A94F-5EB44377DD21} = {04401E23-D799-3690-A94F-5EB44377DD21}
		{214FC758-C8D5-3717-9FA2-210655F3C358} = {214FC758-C8D5-3717-9FA2-210655F3C358}
		{2109A376-43C5-369E-B2BC-379FC4A75AD0} = {2109A376-43C5-369E-B2BC-379FC4A75AD0}
		{59350BC6-DDE5-3379-BDEE-6FA5523E0E33} = {59350BC6-DDE5-3379-BDEE-6FA5523E0E33}
		{A413E9EB-068D-329A-B378-F21EBD643FAC} = {A413E9EB-068D-329A-B378-F21EBD643FAC}
	EndProjectSection
EndProject
Project("{8BC9CEB8-8B4A-11D0-8D11-00A0C91BC942}") = "opencv_imgcodecs", "..\imgcodecs\opencv_imgcodecs.vcxproj", "{2109A376-43C5-369E-B2BC-379FC4A75AD0}"
	ProjectSection(ProjectDependencies) = postProject
		{AC6C6E05-5015-303A-9CFD-F61950C6B200} = {AC6C6E05-5015-303A-9CFD-F61950C6B200}
		{CE0410D1-AC63-3F2D-A2CF-7B60FFBDCBCC} = {CE0410D1-AC63-3F2D-A2CF-7B60FFBDCBCC}
		{0F630D90-990A-301D-AFE2-ADFE74625284} = {0F630D90-990A-301D-AFE2-ADFE74625284}
		{772E82BA-B427-35F4-A317-35D3764249A8} = {772E82BA-B427-35F4-A317-35D3764249A8}
		{04401E23-D799-3690-A94F-5EB44377DD21} = {04401E23-D799-3690-A94F-5EB44377DD21}
		{214FC758-C8D5-3717-9FA2-210655F3C358} = {214FC758-C8D5-3717-9FA2-210655F3C358}
		{59350BC6-DDE5-3379-BDEE-6FA5523E0E33} = {59350BC6-DDE5-3379-BDEE-6FA5523E0E33}
	EndProjectSection
EndProject
Project("{8BC9CEB8-8B4A-11D0-8D11-00A0C91BC942}") = "opencv_imgproc", "..\imgproc\opencv_imgproc.vcxproj", "{59350BC6-DDE5-3379-BDEE-6FA5523E0E33}"
	ProjectSection(ProjectDependencies) = postProject
		{AC6C6E05-5015-303A-9CFD-F61950C6B200} = {AC6C6E05-5015-303A-9CFD-F61950C6B200}
		{CE0410D1-AC63-3F2D-A2CF-7B60FFBDCBCC} = {CE0410D1-AC63-3F2D-A2CF-7B60FFBDCBCC}
		{04401E23-D799-3690-A94F-5EB44377DD21} = {04401E23-D799-3690-A94F-5EB44377DD21}
		{214FC758-C8D5-3717-9FA2-210655F3C358} = {214FC758-C8D5-3717-9FA2-210655F3C358}
	EndProjectSection
EndProject
Project("{8BC9CEB8-8B4A-11D0-8D11-00A0C91BC942}") = "opencv_test_highgui", "opencv_test_highgui.vcxproj", "{A05BB83C-B32D-314C-B2A6-4B3321EA585C}"
	ProjectSection(ProjectDependencies) = postProject
		{AC6C6E05-5015-303A-9CFD-F61950C6B200} = {AC6C6E05-5015-303A-9CFD-F61950C6B200}
		{CE0410D1-AC63-3F2D-A2CF-7B60FFBDCBCC} = {CE0410D1-AC63-3F2D-A2CF-7B60FFBDCBCC}
		{04401E23-D799-3690-A94F-5EB44377DD21} = {04401E23-D799-3690-A94F-5EB44377DD21}
		{214FC758-C8D5-3717-9FA2-210655F3C358} = {214FC758-C8D5-3717-9FA2-210655F3C358}
		{8A9D674C-9E55-3077-9BB6-3B6749FE9D3A} = {8A9D674C-9E55-3077-9BB6-3B6749FE9D3A}
		{2109A376-43C5-369E-B2BC-379FC4A75AD0} = {2109A376-43C5-369E-B2BC-379FC4A75AD0}
		{59350BC6-DDE5-3379-BDEE-6FA5523E0E33} = {59350BC6-DDE5-3379-BDEE-6FA5523E0E33}
		{E29F545E-14D6-3E65-8B08-454E3A58DD3C} = {E29F545E-14D6-3E65-8B08-454E3A58DD3C}
		{A413E9EB-068D-329A-B378-F21EBD643FAC} = {A413E9EB-068D-329A-B378-F21EBD643FAC}
		{CE6C8BF6-07B9-3B9A-BF71-45135749E346} = {CE6C8BF6-07B9-3B9A-BF71-45135749E346}
	EndProjectSection
EndProject
Project("{8BC9CEB8-8B4A-11D0-8D11-00A0C91BC942}") = "opencv_ts", "..\ts\opencv_ts.vcxproj", "{E29F545E-14D6-3E65-8B08-454E3A58DD3C}"
	ProjectSection(ProjectDependencies) = postProject
		{AC6C6E05-5015-303A-9CFD-F61950C6B200} = {AC6C6E05-5015-303A-9CFD-F61950C6B200}
		{CE0410D1-AC63-3F2D-A2CF-7B60FFBDCBCC} = {CE0410D1-AC63-3F2D-A2CF-7B60FFBDCBCC}
		{04401E23-D799-3690-A94F-5EB44377DD21} = {04401E23-D799-3690-A94F-5EB44377DD21}
		{214FC758-C8D5-3717-9FA2-210655F3C358} = {214FC758-C8D5-3717-9FA2-210655F3C358}
		{8A9D674C-9E55-3077-9BB6-3B6749FE9D3A} = {8A9D674C-9E55-3077-9BB6-3B6749FE9D3A}
		{2109A376-43C5-369E-B2BC-379FC4A75AD0} = {2109A376-43C5-369E-B2BC-379FC4A75AD0}
		{59350BC6-DDE5-3379-BDEE-6FA5523E0E33} = {59350BC6-DDE5-3379-BDEE-6FA5523E0E33}
		{A413E9EB-068D-329A-B378-F21EBD643FAC} = {A413E9EB-068D-329A-B378-F21EBD643FAC}
	EndProjectSection
EndProject
Project("{8BC9CEB8-8B4A-11D0-8D11-00A0C91BC942}") = "opencv_videoio", "..\videoio\opencv_videoio.vcxproj", "{A413E9EB-068D-329A-B378-F21EBD643FAC}"
	ProjectSection(ProjectDependencies) = postProject
		{AC6C6E05-5015-303A-9CFD-F61950C6B200} = {AC6C6E05-5015-303A-9CFD-F61950C6B200}
		{CE0410D1-AC63-3F2D-A2CF-7B60FFBDCBCC} = {CE0410D1-AC63-3F2D-A2CF-7B60FFBDCBCC}
		{04401E23-D799-3690-A94F-5EB44377DD21} = {04401E23-D799-3690-A94F-5EB44377DD21}
		{214FC758-C8D5-3717-9FA2-210655F3C358} = {214FC758-C8D5-3717-9FA2-210655F3C358}
		{2109A376-43C5-369E-B2BC-379FC4A75AD0} = {2109A376-43C5-369E-B2BC-379FC4A75AD0}
		{59350BC6-DDE5-3379-BDEE-6FA5523E0E33} = {59350BC6-DDE5-3379-BDEE-6FA5523E0E33}
	EndProjectSection
EndProject
Project("{8BC9CEB8-8B4A-11D0-8D11-00A0C91BC942}") = "opencv_videoio_plugins", "..\.firstpass\videoio\opencv_videoio_plugins.vcxproj", "{CE6C8BF6-07B9-3B9A-BF71-45135749E346}"
	ProjectSection(ProjectDependencies) = postProject
		{AC6C6E05-5015-303A-9CFD-F61950C6B200} = {AC6C6E05-5015-303A-9CFD-F61950C6B200}
	EndProjectSection
EndProject
Global
	GlobalSection(SolutionConfigurationPlatforms) = preSolution
		Debug|Win32 = Debug|Win32
		Release|Win32 = Release|Win32
	EndGlobalSection
	GlobalSection(ProjectConfigurationPlatforms) = postSolution
		{0477DF17-F7EC-3497-8344-683AFA46DD18}.Debug|Win32.ActiveCfg = Debug|Win32
		{0477DF17-F7EC-3497-8344-683AFA46DD18}.Debug|Win32.Build.0 = Debug|Win32
		{0477DF17-F7EC-3497-8344-683AFA46DD18}.Release|Win32.ActiveCfg = Release|Win32
		{0477DF17-F7EC-3497-8344-683AFA46DD18}.Release|Win32.Build.0 = Release|Win32
		{83022FB5-03BF-3A76-A769-35EFFFB3C726}.Debug|Win32.ActiveCfg = Debug|Win32
		{83022FB5-03BF-3A76-A769-35EFFFB3C726}.Release|Win32.ActiveCfg = Release|Win32
		{36C1A33C-CFEC-3097-A7A0-CF29C5477F80}.Debug|Win32.ActiveCfg = Debug|Win32
		{36C1A33C-CFEC-3097-A7A0-CF29C5477F80}.Release|Win32.ActiveCfg = Release|Win32
		{5DCE2C2F-2DF4-324C-98D2-56B94C965530}.Debug|Win32.ActiveCfg = Debug|Win32
		{5DCE2C2F-2DF4-324C-98D2-56B94C965530}.Release|Win32.ActiveCfg = Release|Win32
		{AC6C6E05-5015-303A-9CFD-F61950C6B200}.Debug|Win32.ActiveCfg = Debug|Win32
		{AC6C6E05-5015-303A-9CFD-F61950C6B200}.Debug|Win32.Build.0 = Debug|Win32
		{AC6C6E05-5015-303A-9CFD-F61950C6B200}.Release|Win32.ActiveCfg = Release|Win32
		{AC6C6E05-5015-303A-9CFD-F61950C6B200}.Release|Win32.Build.0 = Release|Win32
		{CE0410D1-AC63-3F2D-A2CF-7B60FFBDCBCC}.Debug|Win32.ActiveCfg = Debug|Win32
		{CE0410D1-AC63-3F2D-A2CF-7B60FFBDCBCC}.Debug|Win32.Build.0 = Debug|Win32
		{CE0410D1-AC63-3F2D-A2CF-7B60FFBDCBCC}.Release|Win32.ActiveCfg = Release|Win32
		{CE0410D1-AC63-3F2D-A2CF-7B60FFBDCBCC}.Release|Win32.Build.0 = Release|Win32
		{98AC9E89-EEFF-3A81-ADB1-CD76FFC8C6AF}.Debug|Win32.ActiveCfg = Debug|Win32
		{98AC9E89-EEFF-3A81-ADB1-CD76FFC8C6AF}.Debug|Win32.Build.0 = Debug|Win32
		{98AC9E89-EEFF-3A81-ADB1-CD76FFC8C6AF}.Release|Win32.ActiveCfg = Release|Win32
		{98AC9E89-EEFF-3A81-ADB1-CD76FFC8C6AF}.Release|Win32.Build.0 = Release|Win32
		{0F630D90-990A-301D-AFE2-ADFE74625284}.Debug|Win32.ActiveCfg = Debug|Win32
		{0F630D90-990A-301D-AFE2-ADFE74625284}.Debug|Win32.Build.0 = Debug|Win32
		{0F630D90-990A-301D-AFE2-ADFE74625284}.Release|Win32.ActiveCfg = Release|Win32
		{0F630D90-990A-301D-AFE2-ADFE74625284}.Release|Win32.Build.0 = Release|Win32
		{772E82BA-B427-35F4-A317-35D3764249A8}.Debug|Win32.ActiveCfg = Debug|Win32
		{772E82BA-B427-35F4-A317-35D3764249A8}.Debug|Win32.Build.0 = Debug|Win32
		{772E82BA-B427-35F4-A317-35D3764249A8}.Release|Win32.ActiveCfg = Release|Win32
		{772E82BA-B427-35F4-A317-35D3764249A8}.Release|Win32.Build.0 = Release|Win32
		{04401E23-D799-3690-A94F-5EB44377DD21}.Debug|Win32.ActiveCfg = Debug|Win32
		{04401E23-D799-3690-A94F-5EB44377DD21}.Debug|Win32.Build.0 = Debug|Win32
		{04401E23-D799-3690-A94F-5EB44377DD21}.Release|Win32.ActiveCfg = Release|Win32
		{04401E23-D799-3690-A94F-5EB44377DD21}.Release|Win32.Build.0 = Release|Win32
		{214FC758-C8D5-3717-9FA2-210655F3C358}.Debug|Win32.ActiveCfg = Debug|Win32
		{214FC758-C8D5-3717-9FA2-210655F3C358}.Debug|Win32.Build.0 = Debug|Win32
		{214FC758-C8D5-3717-9FA2-210655F3C358}.Release|Win32.ActiveCfg = Release|Win32
		{214FC758-C8D5-3717-9FA2-210655F3C358}.Release|Win32.Build.0 = Release|Win32
		{8A9D674C-9E55-3077-9BB6-3B6749FE9D3A}.Debug|Win32.ActiveCfg = Debug|Win32
		{8A9D674C-9E55-3077-9BB6-3B6749FE9D3A}.Debug|Win32.Build.0 = Debug|Win32
		{8A9D674C-9E55-3077-9BB6-3B6749FE9D3A}.Release|Win32.ActiveCfg = Release|Win32
		{8A9D674C-9E55-3077-9BB6-3B6749FE9D3A}.Release|Win32.Build.0 = Release|Win32
		{2109A376-43C5-369E-B2BC-379FC4A75AD0}.Debug|Win32.ActiveCfg = Debug|Win32
		{2109A376-43C5-369E-B2BC-379FC4A75AD0}.Debug|Win32.Build.0 = Debug|Win32
		{2109A376-43C5-369E-B2BC-379FC4A75AD0}.Release|Win32.ActiveCfg = Release|Win32
		{2109A376-43C5-369E-B2BC-379FC4A75AD0}.Release|Win32.Build.0 = Release|Win32
		{59350BC6-DDE5-3379-BDEE-6FA5523E0E33}.Debug|Win32.ActiveCfg = Debug|Win32
		{59350BC6-DDE5-3379-BDEE-6FA5523E0E33}.Debug|Win32.Build.0 = Debug|Win32
		{59350BC6-DDE5-3379-BDEE-6FA5523E0E33}.Release|Win32.ActiveCfg = Release|Win32
		{59350BC6-DDE5-3379-BDEE-6FA5523E0E33}.Release|Win32.Build.0 = Release|Win32
		{A05BB83C-B32D-314C-B2A6-4B3321EA585C}.Debug|Win32.ActiveCfg = Debug|Win32
		{A05BB83C-B32D-314C-B2A6-4B3321EA585C}.Debug|Win32.Build.0 = Debug|Win32
		{A05BB83C-B32D-314C-B2A6-4B3321EA585C}.Release|Win32.ActiveCfg = Release|Win32
		{A05BB83C-B32D-314C-B2A6-4B3321EA585C}.Release|Win32.Build.0 = Release|Win32
		{E29F545E-14D6-3E65-8B08-454E3A58DD3C}.Debug|Win32.ActiveCfg = Debug|Win32
		{E29F545E-14D6-3E65-8B08-454E3A58DD3C}.Debug|Win32.Build.0 = Debug|Win32
		{E29F545E-14D6-3E65-8B08-454E3A58DD3C}.Release|Win32.ActiveCfg = Release|Win32
		{E29F545E-14D6-3E65-8B08-454E3A58DD3C}.Release|Win32.Build.0 = Release|Win32
		{A413E9EB-068D-329A-B378-F21EBD643FAC}.Debug|Win32.ActiveCfg = Debug|Win32
		{A413E9EB-068D-329A-B378-F21EBD643FAC}.Debug|Win32.Build.0 = Debug|Win32
		{A413E9EB-068D-329A-B378-F21EBD643FAC}.Release|Win32.ActiveCfg = Release|Win32
		{A413E9EB-068D-329A-B378-F21EBD643FAC}.Release|Win32.Build.0 = Release|Win32
		{CE6C8BF6-07B9-3B9A-BF71-45135749E346}.Debug|Win32.ActiveCfg = Debug|Win32
		{CE6C8BF6-07B9-3B9A-BF71-45135749E346}.Debug|Win32.Build.0 = Debug|Win32
		{CE6C8BF6-07B9-3B9A-BF71-45135749E346}.Release|Win32.ActiveCfg = Release|Win32
		{CE6C8BF6-07B9-3B9A-BF71-45135749E346}.Release|Win32.Build.0 = Release|Win32
	EndGlobalSection
	GlobalSection(NestedProjects) = preSolution
		{CE0410D1-AC63-3F2D-A2CF-7B60FFBDCBCC} = {A32C9053-F8B6-349C-89BD-F25530C43C67}
		{98AC9E89-EEFF-3A81-ADB1-CD76FFC8C6AF} = {A32C9053-F8B6-349C-89BD-F25530C43C67}
		{0F630D90-990A-301D-AFE2-ADFE74625284} = {A32C9053-F8B6-349C-89BD-F25530C43C67}
		{772E82BA-B427-35F4-A317-35D3764249A8} = {A32C9053-F8B6-349C-89BD-F25530C43C67}
		{0477DF17-F7EC-3497-8344-683AFA46DD18} = {1706B401-4A9F-3916-976A-F3846E88BF08}
		{83022FB5-03BF-3A76-A769-35EFFFB3C726} = {1706B401-4A9F-3916-976A-F3846E88BF08}
		{36C1A33C-CFEC-3097-A7A0-CF29C5477F80} = {1706B401-4A9F-3916-976A-F3846E88BF08}
		{5DCE2C2F-2DF4-324C-98D2-56B94C965530} = {1706B401-4A9F-3916-976A-F3846E88BF08}
		{AC6C6E05-5015-303A-9CFD-F61950C6B200} = {1706B401-4A9F-3916-976A-F3846E88BF08}
		{04401E23-D799-3690-A94F-5EB44377DD21} = {83F0A4F7-FE14-35C4-AB62-EB451290AE2A}
		{214FC758-C8D5-3717-9FA2-210655F3C358} = {83F0A4F7-FE14-35C4-AB62-EB451290AE2A}
		{8A9D674C-9E55-3077-9BB6-3B6749FE9D3A} = {83F0A4F7-FE14-35C4-AB62-EB451290AE2A}
		{2109A376-43C5-369E-B2BC-379FC4A75AD0} = {83F0A4F7-FE14-35C4-AB62-EB451290AE2A}
		{59350BC6-DDE5-3379-BDEE-6FA5523E0E33} = {83F0A4F7-FE14-35C4-AB62-EB451290AE2A}
		{E29F545E-14D6-3E65-8B08-454E3A58DD3C} = {83F0A4F7-FE14-35C4-AB62-EB451290AE2A}
		{A413E9EB-068D-329A-B378-F21EBD643FAC} = {83F0A4F7-FE14-35C4-AB62-EB451290AE2A}
		{A05BB83C-B32D-314C-B2A6-4B3321EA585C} = {9042D9A5-4E61-39C1-AA70-3A97F2D44A31}
	EndGlobalSection
	GlobalSection(ExtensibilityGlobals) = postSolution
		SolutionGuid = {EAC2BC33-1128-3107-B3DA-39A91F38CC9A}
	EndGlobalSection
	GlobalSection(ExtensibilityAddIns) = postSolution
	EndGlobalSection
EndGlobal
